
Microsoft Visual Studio Solution File, Format Version 12.00
# Visual Studio Version 16
VisualStudioVersion = 16.0.29613.14
MinimumVisualStudioVersion = 10.0.40219.1
Project("{FAE04EC0-301F-11D3-BF4B-00C04F79EFBC}") = "ProjectManager", "ProjectManager\ProjectManager.csproj", "{FFD9F893-EF10-44A8-8554-58965E6DA363}"
EndProject
Global
	GlobalSection(SolutionConfigurationPlatforms) = preSolution
		Debug|Any CPU = Debug|Any CPU
		Release|Any CPU = Release|Any CPU
	EndGlobalSection
	GlobalSection(ProjectConfigurationPlatforms) = postSolution
		{FFD9F893-EF10-44A8-8554-58965E6DA363}.Debug|Any CPU.ActiveCfg = Debug|Any CPU
		{FFD9F893-EF10-44A8-8554-58965E6DA363}.Debug|Any CPU.Build.0 = Debug|Any CPU
		{FFD9F893-EF10-44A8-8554-58965E6DA363}.Release|Any CPU.ActiveCfg = Release|Any CPU
		{FFD9F893-EF10-44A8-8554-58965E6DA363}.Release|Any CPU.Build.0 = Release|Any CPU
	EndGlobalSection
	GlobalSection(SolutionProperties) = preSolution
		HideSolutionNode = FALSE
	EndGlobalSection
	GlobalSection(ExtensibilityGlobals) = postSolution
		SolutionGuid = {50478AC5-ACEC-4F76-9C73-AF985080F5EB}
	EndGlobalSection
EndGlobal
